
Microsoft Visual Studio Solution File, Format Version 12.00
# Visual Studio 2012
Project("{FAE04EC0-301F-11D3-BF4B-00C04F79EFBC}") = "Route3D", "Route3D\Route3D.csproj", "{69F6046B-94FF-4027-AF24-16C699AE2F3C}"
EndProject
Global
	GlobalSection(SolutionConfigurationPlatforms) = preSolution
		Debug|Any CPU = Debug|Any CPU
		Release|Any CPU = Release|Any CPU
	EndGlobalSection
	GlobalSection(ProjectConfigurationPlatforms) = postSolution
		{69F6046B-94FF-4027-AF24-16C699AE2F3C}.Debug|Any CPU.ActiveCfg = Debug|Any CPU
		{69F6046B-94FF-4027-AF24-16C699AE2F3C}.Debug|Any CPU.Build.0 = Debug|Any CPU
		{69F6046B-94FF-4027-AF24-16C699AE2F3C}.Release|Any CPU.ActiveCfg = Release|Any CPU
		{69F6046B-94FF-4027-AF24-16C699AE2F3C}.Release|Any CPU.Build.0 = Release|Any CPU
	EndGlobalSection
	GlobalSection(SolutionProperties) = preSolution
		HideSolutionNode = FALSE
	EndGlobalSection
EndGlobal
